
Microsoft Visual Studio Solution File, Format Version 12.00
# Visual Studio Version 16
VisualStudioVersion = 16.0.31321.278
MinimumVisualStudioVersion = 10.0.40219.1
Project("{6989167D-11E4-40FE-8C1A-2192A86A7E90}") = "PB3D.CORE", "PB3D.CORE.vfproj", "{07A57E10-3A2E-49D1-8DF4-126BE0960E51}"
EndProject
Global
	GlobalSection(SolutionConfigurationPlatforms) = preSolution
		Debug|x64 = Debug|x64
		Release|x64 = Release|x64
	EndGlobalSection
	GlobalSection(ProjectConfigurationPlatforms) = postSolution
		{07A57E10-3A2E-49D1-8DF4-126BE0960E51}.Debug|x64.ActiveCfg = Debug|x64
		{07A57E10-3A2E-49D1-8DF4-126BE0960E51}.Debug|x64.Build.0 = Debug|x64
		{07A57E10-3A2E-49D1-8DF4-126BE0960E51}.Release|x64.ActiveCfg = Release|x64
		{07A57E10-3A2E-49D1-8DF4-126BE0960E51}.Release|x64.Build.0 = Release|x64
	EndGlobalSection
	GlobalSection(SolutionProperties) = preSolution
		HideSolutionNode = FALSE
	EndGlobalSection
	GlobalSection(ExtensibilityGlobals) = postSolution
		SolutionGuid = {BC1B5921-104A-42BE-B4E0-191F353EDB00}
	EndGlobalSection
EndGlobal
